
Microsoft Visual Studio Solution File, Format Version 12.00
# Visual Studio Version 17
VisualStudioVersion = 17.5.2.0
MinimumVisualStudioVersion = 10.0.40219.1
Project("{2150E333-8FDC-42A3-9474-1A3956D46DE8}") = "src", "src", "{827E0CD3-B72D-47B6-A68D-7590B98EB39B}"
EndProject
Project("{2150E333-8FDC-42A3-9474-1A3956D46DE8}") = "Cms.RouteService", "Cms.RouteService", "{3313FEFF-3120-DCB2-5B3C-C20EC202317B}"
EndProject
Project("{2150E333-8FDC-42A3-9474-1A3956D46DE8}") = "src", "src", "{A89945D3-E118-3D7A-68F5-5A2374135B26}"
EndProject
Project("{2150E333-8FDC-42A3-9474-1A3956D46DE8}") = "Api", "Api", "{0921A84B-F0BA-27BB-0D4C-573205DA7BEE}"
EndProject
Project("{FAE04EC0-301F-11D3-BF4B-00C04F79EFBC}") = "Cms.RouteService.Api", "src\Cms.RouteService.Api\src\Cms.RouteService.Api.csproj", "{38EC1017-B34A-83E5-CE11-216661E3B35E}"
EndProject
Project("{2150E333-8FDC-42A3-9474-1A3956D46DE8}") = "Application", "Application", "{F4CBE7F1-983B-CC48-ED75-8B658779EAFF}"
EndProject
Project("{FAE04EC0-301F-11D3-BF4B-00C04F79EFBC}") = "Cms.RouteService.Application", "src\Cms.RouteService.Application\src\Cms.RouteService.Application.csproj", "{032B520D-BB5C-7868-ED68-3513EB8CDAA6}"
EndProject
Project("{2150E333-8FDC-42A3-9474-1A3956D46DE8}") = "Infrastructure", "Infrastructure", "{4FCAEE7D-BF9C-509C-DA29-65E0608B7790}"
EndProject
Project("{FAE04EC0-301F-11D3-BF4B-00C04F79EFBC}") = "Cms.RouteService.Infrastructure", "src\Cms.RouteService.Infrastructure\src\Cms.RouteService.Infrastructure.csproj", "{83CD87EB-D1F8-CBF0-C542-0172A811420D}"
EndProject
Project("{2150E333-8FDC-42A3-9474-1A3956D46DE8}") = "Domain", "Domain", "{DAD7F06F-99D5-3613-9B89-5D7C565CADC3}"
EndProject
Project("{FAE04EC0-301F-11D3-BF4B-00C04F79EFBC}") = "Cms.RouteService.Domain", "src\Cms.RouteService.Domain\src\Cms.RouteService.Domain.csproj", "{5B4E7326-D187-7744-021E-EECBA2A65A93}"
EndProject
Global
	GlobalSection(SolutionConfigurationPlatforms) = preSolution
		Debug|Any CPU = Debug|Any CPU
		Release|Any CPU = Release|Any CPU
	EndGlobalSection
	GlobalSection(ProjectConfigurationPlatforms) = postSolution
		{38EC1017-B34A-83E5-CE11-216661E3B35E}.Debug|Any CPU.ActiveCfg = Debug|Any CPU
		{38EC1017-B34A-83E5-CE11-216661E3B35E}.Debug|Any CPU.Build.0 = Debug|Any CPU
		{38EC1017-B34A-83E5-CE11-216661E3B35E}.Release|Any CPU.ActiveCfg = Release|Any CPU
		{38EC1017-B34A-83E5-CE11-216661E3B35E}.Release|Any CPU.Build.0 = Release|Any CPU
		{032B520D-BB5C-7868-ED68-3513EB8CDAA6}.Debug|Any CPU.ActiveCfg = Debug|Any CPU
		{032B520D-BB5C-7868-ED68-3513EB8CDAA6}.Debug|Any CPU.Build.0 = Debug|Any CPU
		{032B520D-BB5C-7868-ED68-3513EB8CDAA6}.Release|Any CPU.ActiveCfg = Release|Any CPU
		{032B520D-BB5C-7868-ED68-3513EB8CDAA6}.Release|Any CPU.Build.0 = Release|Any CPU
		{83CD87EB-D1F8-CBF0-C542-0172A811420D}.Debug|Any CPU.ActiveCfg = Debug|Any CPU
		{83CD87EB-D1F8-CBF0-C542-0172A811420D}.Debug|Any CPU.Build.0 = Debug|Any CPU
		{83CD87EB-D1F8-CBF0-C542-0172A811420D}.Release|Any CPU.ActiveCfg = Release|Any CPU
		{83CD87EB-D1F8-CBF0-C542-0172A811420D}.Release|Any CPU.Build.0 = Release|Any CPU
		{5B4E7326-D187-7744-021E-EECBA2A65A93}.Debug|Any CPU.ActiveCfg = Debug|Any CPU
		{5B4E7326-D187-7744-021E-EECBA2A65A93}.Debug|Any CPU.Build.0 = Debug|Any CPU
		{5B4E7326-D187-7744-021E-EECBA2A65A93}.Release|Any CPU.ActiveCfg = Release|Any CPU
		{5B4E7326-D187-7744-021E-EECBA2A65A93}.Release|Any CPU.Build.0 = Release|Any CPU
	EndGlobalSection
	GlobalSection(SolutionProperties) = preSolution
		HideSolutionNode = FALSE
	EndGlobalSection
	GlobalSection(NestedProjects) = preSolution
		{3313FEFF-3120-DCB2-5B3C-C20EC202317B} = {827E0CD3-B72D-47B6-A68D-7590B98EB39B}
		{A89945D3-E118-3D7A-68F5-5A2374135B26} = {3313FEFF-3120-DCB2-5B3C-C20EC202317B}
		{0921A84B-F0BA-27BB-0D4C-573205DA7BEE} = {A89945D3-E118-3D7A-68F5-5A2374135B26}
		{38EC1017-B34A-83E5-CE11-216661E3B35E} = {0921A84B-F0BA-27BB-0D4C-573205DA7BEE}
		{F4CBE7F1-983B-CC48-ED75-8B658779EAFF} = {A89945D3-E118-3D7A-68F5-5A2374135B26}
		{032B520D-BB5C-7868-ED68-3513EB8CDAA6} = {F4CBE7F1-983B-CC48-ED75-8B658779EAFF}
		{4FCAEE7D-BF9C-509C-DA29-65E0608B7790} = {A89945D3-E118-3D7A-68F5-5A2374135B26}
		{83CD87EB-D1F8-CBF0-C542-0172A811420D} = {4FCAEE7D-BF9C-509C-DA29-65E0608B7790}
		{DAD7F06F-99D5-3613-9B89-5D7C565CADC3} = {A89945D3-E118-3D7A-68F5-5A2374135B26}
		{5B4E7326-D187-7744-021E-EECBA2A65A93} = {DAD7F06F-99D5-3613-9B89-5D7C565CADC3}
	EndGlobalSection
	GlobalSection(ExtensibilityGlobals) = postSolution
		SolutionGuid = {6FA316E1-89DD-4EAC-AA1A-B9FD1D2C3CE6}
	EndGlobalSection
EndGlobal
